
Microsoft Visual Studio Solution File, Format Version 12.00
# Visual Studio Version 16
VisualStudioVersion = 16.0.30709.132
MinimumVisualStudioVersion = 10.0.40219.1
Project("{2150E333-8FDC-42A3-9474-1A3956D46DE8}") = "src", "src", "{E150FB62-1C7D-4F7F-BE5C-A42053C4A0B6}"
EndProject
Project("{2150E333-8FDC-42A3-9474-1A3956D46DE8}") = "BuildingBlocks", "BuildingBlocks", "{75538274-5F98-442C-9D6B-1735C8560F9A}"
EndProject
Project("{2150E333-8FDC-42A3-9474-1A3956D46DE8}") = "Service", "Service", "{5214F0DF-A62D-483C-AA44-742BCB302302}"
EndProject
Project("{2150E333-8FDC-42A3-9474-1A3956D46DE8}") = "Web", "Web", "{1047A3B5-B982-4C14-8332-B1ACC33263D0}"
EndProject
Project("{2150E333-8FDC-42A3-9474-1A3956D46DE8}") = "Autenticacao", "Autenticacao", "{BF7A85B2-CE87-49E5-81BD-C4D23199F988}"
EndProject
Project("{2150E333-8FDC-42A3-9474-1A3956D46DE8}") = "Mvc", "Mvc", "{E3B4931C-99E9-43B2-8181-104EC6E6D607}"
EndProject
Project("{9A19103F-16F7-4668-BE54-9A1E7A4F7556}") = "SOPHIA-MVC", "src\Web\SOPHIA-MVC\SOPHIA-MVC.csproj", "{5332D73C-83E9-417B-98E7-473C0053FE12}"
EndProject
Project("{2150E333-8FDC-42A3-9474-1A3956D46DE8}") = "Core", "Core", "{F1C618B5-E339-45D8-8E25-87C7BA396DB8}"
EndProject
Project("{9A19103F-16F7-4668-BE54-9A1E7A4F7556}") = "SOPHIA-Core", "src\BuildingBlocks\SOPHIA-Core\SOPHIA-Core.csproj", "{9EAFFBBD-B065-4B02-981B-7CB746607ADB}"
EndProject
Project("{2150E333-8FDC-42A3-9474-1A3956D46DE8}") = "Carrinho", "Carrinho", "{030AD3DD-0C5D-4CBF-A499-A6932F1194BD}"
EndProject
Project("{2150E333-8FDC-42A3-9474-1A3956D46DE8}") = "Pagamento", "Pagamento", "{5461CA29-416F-4B29-937E-8B312214A674}"
EndProject
Project("{2150E333-8FDC-42A3-9474-1A3956D46DE8}") = "Cliente", "Cliente", "{E9310ADF-367F-4F2A-87C6-A5424BC883B6}"
EndProject
Project("{2150E333-8FDC-42A3-9474-1A3956D46DE8}") = "Catalogo", "Catalogo", "{86466A84-EADD-45B6-B1D9-89F7047A186F}"
EndProject
Project("{2150E333-8FDC-42A3-9474-1A3956D46DE8}") = "Pedido", "Pedido", "{99FDEEF7-6449-45CC-8E08-E5F00D70DEE4}"
EndProject
Project("{9A19103F-16F7-4668-BE54-9A1E7A4F7556}") = "SOPHIA-CARRINHO", "src\Service\SOPHIA-CARRINHO\SOPHIA-CARRINHO.csproj", "{0065F8E8-7E5E-47C1-8AF5-F8CF2E667D37}"
EndProject
Project("{9A19103F-16F7-4668-BE54-9A1E7A4F7556}") = "SOPHIA-CATALOGO", "src\Service\SOPHIA-CATALOGO\SOPHIA-CATALOGO.csproj", "{6B5ABDF1-4BF6-41C2-83C0-9365AE337064}"
EndProject
Project("{9A19103F-16F7-4668-BE54-9A1E7A4F7556}") = "SOPHIA-CLIENTE", "src\Service\SOPHIA-CLIENTE\SOPHIA-CLIENTE.csproj", "{4209872A-9B62-4352-815A-A195630E2112}"
EndProject
Project("{9A19103F-16F7-4668-BE54-9A1E7A4F7556}") = "SOPHIA-PAGAMENTO", "src\Service\SOPHIA-PAGAMENTO\SOPHIA-PAGAMENTO.csproj", "{18081886-11B7-4447-87E6-7F492741438C}"
EndProject
Project("{9A19103F-16F7-4668-BE54-9A1E7A4F7556}") = "SOPHIA-PEDIDO", "src\Service\SOPHIA-PEDIDO\SOPHIA-PEDIDO.csproj", "{A370F616-B840-4BC5-9ED3-85CAAD790EC3}"
EndProject
Project("{9A19103F-16F7-4668-BE54-9A1E7A4F7556}") = "SOPHIA-AUTENTICACAO", "src\Service\SOPHIA-AUTENTICACAO\SOPHIA-AUTENTICACAO.csproj", "{1DFAAA38-1FBE-4A70-B244-37F4E45B1A17}"
EndProject
Project("{2150E333-8FDC-42A3-9474-1A3956D46DE8}") = "Services", "Services", "{6546666E-590F-447C-B2B6-690991F3A6F7}"
EndProject
Project("{9A19103F-16F7-4668-BE54-9A1E7A4F7556}") = "SOPHIA-WebApiCore", "src\BuildingBlocks\SOPHIA-WebApiCore\SOPHIA-WebApiCore.csproj", "{148A55D2-CAD4-45EE-A872-D17478F1212D}"
EndProject
Project("{2150E333-8FDC-42A3-9474-1A3956D46DE8}") = "MessageBus", "MessageBus", "{257CC8AB-C1DB-4210-9BEA-02A042E05AAF}"
EndProject
Project("{9A19103F-16F7-4668-BE54-9A1E7A4F7556}") = "SOPHIA-MessageBus", "src\BuildingBlocks\SOPHIA-MessageBus\SOPHIA-MessageBus.csproj", "{19121896-556E-4592-8576-6C09DDE05512}"
EndProject
Project("{2150E333-8FDC-42A3-9474-1A3956D46DE8}") = "ApiGateway", "ApiGateway", "{6C438A3B-B45D-467A-BBB4-3B127C7C88E5}"
EndProject
Project("{9A19103F-16F7-4668-BE54-9A1E7A4F7556}") = "SOPHIA-BFF.Compras", "src\ApiGateway\SOPHIA-BFF.Compras\SOPHIA-BFF.Compras.csproj", "{68AFBED6-2F6B-4932-ADA1-C5AF6BBBAD3E}"
EndProject
Project("{9A19103F-16F7-4668-BE54-9A1E7A4F7556}") = "SOPHIA-Domain", "src\Service\SOPHIA-Domain\SOPHIA-Domain.csproj", "{6B6BF23D-EE1D-4165-8CE3-F2839D504CB7}"
EndProject
Project("{9A19103F-16F7-4668-BE54-9A1E7A4F7556}") = "SOPHIA-Infra", "src\Service\SOPHIA-Infra\SOPHIA-Infra.csproj", "{486F0F53-BECC-4C4C-80E5-46D570BE3245}"
EndProject
Project("{2150E333-8FDC-42A3-9474-1A3956D46DE8}") = "Compras", "Compras", "{8322B0FF-288B-4A95-AFBE-7F86B6E9F1C9}"
EndProject
Global
	GlobalSection(SolutionConfigurationPlatforms) = preSolution
		Debug|Any CPU = Debug|Any CPU
		Release|Any CPU = Release|Any CPU
	EndGlobalSection
	GlobalSection(ProjectConfigurationPlatforms) = postSolution
		{5332D73C-83E9-417B-98E7-473C0053FE12}.Debug|Any CPU.ActiveCfg = Debug|Any CPU
		{5332D73C-83E9-417B-98E7-473C0053FE12}.Debug|Any CPU.Build.0 = Debug|Any CPU
		{5332D73C-83E9-417B-98E7-473C0053FE12}.Release|Any CPU.ActiveCfg = Release|Any CPU
		{5332D73C-83E9-417B-98E7-473C0053FE12}.Release|Any CPU.Build.0 = Release|Any CPU
		{9EAFFBBD-B065-4B02-981B-7CB746607ADB}.Debug|Any CPU.ActiveCfg = Debug|Any CPU
		{9EAFFBBD-B065-4B02-981B-7CB746607ADB}.Debug|Any CPU.Build.0 = Debug|Any CPU
		{9EAFFBBD-B065-4B02-981B-7CB746607ADB}.Release|Any CPU.ActiveCfg = Release|Any CPU
		{9EAFFBBD-B065-4B02-981B-7CB746607ADB}.Release|Any CPU.Build.0 = Release|Any CPU
		{0065F8E8-7E5E-47C1-8AF5-F8CF2E667D37}.Debug|Any CPU.ActiveCfg = Debug|Any CPU
		{0065F8E8-7E5E-47C1-8AF5-F8CF2E667D37}.Debug|Any CPU.Build.0 = Debug|Any CPU
		{0065F8E8-7E5E-47C1-8AF5-F8CF2E667D37}.Release|Any CPU.ActiveCfg = Release|Any CPU
		{0065F8E8-7E5E-47C1-8AF5-F8CF2E667D37}.Release|Any CPU.Build.0 = Release|Any CPU
		{6B5ABDF1-4BF6-41C2-83C0-9365AE337064}.Debug|Any CPU.ActiveCfg = Debug|Any CPU
		{6B5ABDF1-4BF6-41C2-83C0-9365AE337064}.Debug|Any CPU.Build.0 = Debug|Any CPU
		{6B5ABDF1-4BF6-41C2-83C0-9365AE337064}.Release|Any CPU.ActiveCfg = Release|Any CPU
		{6B5ABDF1-4BF6-41C2-83C0-9365AE337064}.Release|Any CPU.Build.0 = Release|Any CPU
		{4209872A-9B62-4352-815A-A195630E2112}.Debug|Any CPU.ActiveCfg = Debug|Any CPU
		{4209872A-9B62-4352-815A-A195630E2112}.Debug|Any CPU.Build.0 = Debug|Any CPU
		{4209872A-9B62-4352-815A-A195630E2112}.Release|Any CPU.ActiveCfg = Release|Any CPU
		{4209872A-9B62-4352-815A-A195630E2112}.Release|Any CPU.Build.0 = Release|Any CPU
		{18081886-11B7-4447-87E6-7F492741438C}.Debug|Any CPU.ActiveCfg = Debug|Any CPU
		{18081886-11B7-4447-87E6-7F492741438C}.Debug|Any CPU.Build.0 = Debug|Any CPU
		{18081886-11B7-4447-87E6-7F492741438C}.Release|Any CPU.ActiveCfg = Release|Any CPU
		{18081886-11B7-4447-87E6-7F492741438C}.Release|Any CPU.Build.0 = Release|Any CPU
		{A370F616-B840-4BC5-9ED3-85CAAD790EC3}.Debug|Any CPU.ActiveCfg = Debug|Any CPU
		{A370F616-B840-4BC5-9ED3-85CAAD790EC3}.Debug|Any CPU.Build.0 = Debug|Any CPU
		{A370F616-B840-4BC5-9ED3-85CAAD790EC3}.Release|Any CPU.ActiveCfg = Release|Any CPU
		{A370F616-B840-4BC5-9ED3-85CAAD790EC3}.Release|Any CPU.Build.0 = Release|Any CPU
		{1DFAAA38-1FBE-4A70-B244-37F4E45B1A17}.Debug|Any CPU.ActiveCfg = Debug|Any CPU
		{1DFAAA38-1FBE-4A70-B244-37F4E45B1A17}.Debug|Any CPU.Build.0 = Debug|Any CPU
		{1DFAAA38-1FBE-4A70-B244-37F4E45B1A17}.Release|Any CPU.ActiveCfg = Release|Any CPU
		{1DFAAA38-1FBE-4A70-B244-37F4E45B1A17}.Release|Any CPU.Build.0 = Release|Any CPU
		{148A55D2-CAD4-45EE-A872-D17478F1212D}.Debug|Any CPU.ActiveCfg = Debug|Any CPU
		{148A55D2-CAD4-45EE-A872-D17478F1212D}.Debug|Any CPU.Build.0 = Debug|Any CPU
		{148A55D2-CAD4-45EE-A872-D17478F1212D}.Release|Any CPU.ActiveCfg = Release|Any CPU
		{148A55D2-CAD4-45EE-A872-D17478F1212D}.Release|Any CPU.Build.0 = Release|Any CPU
		{19121896-556E-4592-8576-6C09DDE05512}.Debug|Any CPU.ActiveCfg = Debug|Any CPU
		{19121896-556E-4592-8576-6C09DDE05512}.Debug|Any CPU.Build.0 = Debug|Any CPU
		{19121896-556E-4592-8576-6C09DDE05512}.Release|Any CPU.ActiveCfg = Release|Any CPU
		{19121896-556E-4592-8576-6C09DDE05512}.Release|Any CPU.Build.0 = Release|Any CPU
		{68AFBED6-2F6B-4932-ADA1-C5AF6BBBAD3E}.Debug|Any CPU.ActiveCfg = Debug|Any CPU
		{68AFBED6-2F6B-4932-ADA1-C5AF6BBBAD3E}.Debug|Any CPU.Build.0 = Debug|Any CPU
		{68AFBED6-2F6B-4932-ADA1-C5AF6BBBAD3E}.Release|Any CPU.ActiveCfg = Release|Any CPU
		{68AFBED6-2F6B-4932-ADA1-C5AF6BBBAD3E}.Release|Any CPU.Build.0 = Release|Any CPU
		{6B6BF23D-EE1D-4165-8CE3-F2839D504CB7}.Debug|Any CPU.ActiveCfg = Debug|Any CPU
		{6B6BF23D-EE1D-4165-8CE3-F2839D504CB7}.Debug|Any CPU.Build.0 = Debug|Any CPU
		{6B6BF23D-EE1D-4165-8CE3-F2839D504CB7}.Release|Any CPU.ActiveCfg = Release|Any CPU
		{6B6BF23D-EE1D-4165-8CE3-F2839D504CB7}.Release|Any CPU.Build.0 = Release|Any CPU
		{486F0F53-BECC-4C4C-80E5-46D570BE3245}.Debug|Any CPU.ActiveCfg = Debug|Any CPU
		{486F0F53-BECC-4C4C-80E5-46D570BE3245}.Debug|Any CPU.Build.0 = Debug|Any CPU
		{486F0F53-BECC-4C4C-80E5-46D570BE3245}.Release|Any CPU.ActiveCfg = Release|Any CPU
		{486F0F53-BECC-4C4C-80E5-46D570BE3245}.Release|Any CPU.Build.0 = Release|Any CPU
	EndGlobalSection
	GlobalSection(SolutionProperties) = preSolution
		HideSolutionNode = FALSE
	EndGlobalSection
	GlobalSection(NestedProjects) = preSolution
		{75538274-5F98-442C-9D6B-1735C8560F9A} = {E150FB62-1C7D-4F7F-BE5C-A42053C4A0B6}
		{5214F0DF-A62D-483C-AA44-742BCB302302} = {E150FB62-1C7D-4F7F-BE5C-A42053C4A0B6}
		{1047A3B5-B982-4C14-8332-B1ACC33263D0} = {E150FB62-1C7D-4F7F-BE5C-A42053C4A0B6}
		{BF7A85B2-CE87-49E5-81BD-C4D23199F988} = {5214F0DF-A62D-483C-AA44-742BCB302302}
		{E3B4931C-99E9-43B2-8181-104EC6E6D607} = {1047A3B5-B982-4C14-8332-B1ACC33263D0}
		{5332D73C-83E9-417B-98E7-473C0053FE12} = {E3B4931C-99E9-43B2-8181-104EC6E6D607}
		{F1C618B5-E339-45D8-8E25-87C7BA396DB8} = {75538274-5F98-442C-9D6B-1735C8560F9A}
		{9EAFFBBD-B065-4B02-981B-7CB746607ADB} = {F1C618B5-E339-45D8-8E25-87C7BA396DB8}
		{030AD3DD-0C5D-4CBF-A499-A6932F1194BD} = {5214F0DF-A62D-483C-AA44-742BCB302302}
		{5461CA29-416F-4B29-937E-8B312214A674} = {5214F0DF-A62D-483C-AA44-742BCB302302}
		{E9310ADF-367F-4F2A-87C6-A5424BC883B6} = {5214F0DF-A62D-483C-AA44-742BCB302302}
		{86466A84-EADD-45B6-B1D9-89F7047A186F} = {5214F0DF-A62D-483C-AA44-742BCB302302}
		{99FDEEF7-6449-45CC-8E08-E5F00D70DEE4} = {5214F0DF-A62D-483C-AA44-742BCB302302}
		{0065F8E8-7E5E-47C1-8AF5-F8CF2E667D37} = {030AD3DD-0C5D-4CBF-A499-A6932F1194BD}
		{6B5ABDF1-4BF6-41C2-83C0-9365AE337064} = {86466A84-EADD-45B6-B1D9-89F7047A186F}
		{4209872A-9B62-4352-815A-A195630E2112} = {E9310ADF-367F-4F2A-87C6-A5424BC883B6}
		{18081886-11B7-4447-87E6-7F492741438C} = {5461CA29-416F-4B29-937E-8B312214A674}
		{A370F616-B840-4BC5-9ED3-85CAAD790EC3} = {99FDEEF7-6449-45CC-8E08-E5F00D70DEE4}
		{1DFAAA38-1FBE-4A70-B244-37F4E45B1A17} = {BF7A85B2-CE87-49E5-81BD-C4D23199F988}
		{6546666E-590F-447C-B2B6-690991F3A6F7} = {75538274-5F98-442C-9D6B-1735C8560F9A}
		{148A55D2-CAD4-45EE-A872-D17478F1212D} = {6546666E-590F-447C-B2B6-690991F3A6F7}
		{257CC8AB-C1DB-4210-9BEA-02A042E05AAF} = {75538274-5F98-442C-9D6B-1735C8560F9A}
		{19121896-556E-4592-8576-6C09DDE05512} = {257CC8AB-C1DB-4210-9BEA-02A042E05AAF}
		{6C438A3B-B45D-467A-BBB4-3B127C7C88E5} = {E150FB62-1C7D-4F7F-BE5C-A42053C4A0B6}
		{68AFBED6-2F6B-4932-ADA1-C5AF6BBBAD3E} = {8322B0FF-288B-4A95-AFBE-7F86B6E9F1C9}
		{6B6BF23D-EE1D-4165-8CE3-F2839D504CB7} = {99FDEEF7-6449-45CC-8E08-E5F00D70DEE4}
		{486F0F53-BECC-4C4C-80E5-46D570BE3245} = {99FDEEF7-6449-45CC-8E08-E5F00D70DEE4}
		{8322B0FF-288B-4A95-AFBE-7F86B6E9F1C9} = {6C438A3B-B45D-467A-BBB4-3B127C7C88E5}
	EndGlobalSection
	GlobalSection(ExtensibilityGlobals) = postSolution
		SolutionGuid = {AA07AE6A-C1AE-4BE6-B271-7E1F6E27AD0A}
	EndGlobalSection
EndGlobal
